
Microsoft Visual Studio Solution File, Format Version 12.00
# Visual Studio Version 17
VisualStudioVersion = 17.9.34511.98
MinimumVisualStudioVersion = 10.0.40219.1
Project("{9A19103F-16F7-4668-BE54-9A1E7A4F7556}") = "LLMP.Desktop", "LLMP.Desktop\LLMP.Desktop.csproj", "{99374E10-0DA9-4CFB-A588-D78A78A36672}"
EndProject
Project("{9A19103F-16F7-4668-BE54-9A1E7A4F7556}") = "LLMP.Tools", "LLMP.Tools\LLMP.Tools.csproj", "{060DF2B9-C26A-49C5-BFF9-54A6DB977570}"
EndProject
Project("{9A19103F-16F7-4668-BE54-9A1E7A4F7556}") = "LLMP.Models", "LLMP.Models\LLMP.Models.csproj", "{69C8E2FF-8858-4804-A992-D17E0E3BB59D}"
EndProject
Project("{2150E333-8FDC-42A3-9474-1A3956D46DE8}") = "Libs", "Libs", "{3E7F26CE-EA5E-43E2-AC16-072AC0B589F7}"
EndProject
Project("{2150E333-8FDC-42A3-9474-1A3956D46DE8}") = "Solution Items", "Solution Items", "{AA73662F-486E-4182-BF79-391238076A40}"
	ProjectSection(SolutionItems) = preProject
		.editorconfig = .editorconfig
	EndProjectSection
EndProject
Global
	GlobalSection(SolutionConfigurationPlatforms) = preSolution
		Debug|Any CPU = Debug|Any CPU
		Release|Any CPU = Release|Any CPU
	EndGlobalSection
	GlobalSection(ProjectConfigurationPlatforms) = postSolution
		{99374E10-0DA9-4CFB-A588-D78A78A36672}.Debug|Any CPU.ActiveCfg = Debug|Any CPU
		{99374E10-0DA9-4CFB-A588-D78A78A36672}.Debug|Any CPU.Build.0 = Debug|Any CPU
		{99374E10-0DA9-4CFB-A588-D78A78A36672}.Release|Any CPU.ActiveCfg = Release|Any CPU
		{99374E10-0DA9-4CFB-A588-D78A78A36672}.Release|Any CPU.Build.0 = Release|Any CPU
		{060DF2B9-C26A-49C5-BFF9-54A6DB977570}.Debug|Any CPU.ActiveCfg = Debug|Any CPU
		{060DF2B9-C26A-49C5-BFF9-54A6DB977570}.Debug|Any CPU.Build.0 = Debug|Any CPU
		{060DF2B9-C26A-49C5-BFF9-54A6DB977570}.Release|Any CPU.ActiveCfg = Release|Any CPU
		{060DF2B9-C26A-49C5-BFF9-54A6DB977570}.Release|Any CPU.Build.0 = Release|Any CPU
		{69C8E2FF-8858-4804-A992-D17E0E3BB59D}.Debug|Any CPU.ActiveCfg = Debug|Any CPU
		{69C8E2FF-8858-4804-A992-D17E0E3BB59D}.Debug|Any CPU.Build.0 = Debug|Any CPU
		{69C8E2FF-8858-4804-A992-D17E0E3BB59D}.Release|Any CPU.ActiveCfg = Release|Any CPU
		{69C8E2FF-8858-4804-A992-D17E0E3BB59D}.Release|Any CPU.Build.0 = Release|Any CPU
	EndGlobalSection
	GlobalSection(SolutionProperties) = preSolution
		HideSolutionNode = FALSE
	EndGlobalSection
	GlobalSection(NestedProjects) = preSolution
		{060DF2B9-C26A-49C5-BFF9-54A6DB977570} = {3E7F26CE-EA5E-43E2-AC16-072AC0B589F7}
		{69C8E2FF-8858-4804-A992-D17E0E3BB59D} = {3E7F26CE-EA5E-43E2-AC16-072AC0B589F7}
	EndGlobalSection
	GlobalSection(ExtensibilityGlobals) = postSolution
		SolutionGuid = {2A406235-F817-4B0D-9ADF-75D1E5A1DA39}
	EndGlobalSection
EndGlobal
